
Microsoft Visual Studio Solution File, Format Version 12.00
# Visual Studio 15
VisualStudioVersion = 15.0.28307.271
MinimumVisualStudioVersion = 10.0.40219.1
Project("{FAE04EC0-301F-11D3-BF4B-00C04F79EFBC}") = "Taller1Parqueadero", "Taller1Parqueadero\Taller1Parqueadero.csproj", "{C3BAF2AF-023D-48BB-893E-BD10324C1DC1}"
EndProject
Global
	GlobalSection(SolutionConfigurationPlatforms) = preSolution
		Debug|Any CPU = Debug|Any CPU
		Release|Any CPU = Release|Any CPU
	EndGlobalSection
	GlobalSection(ProjectConfigurationPlatforms) = postSolution
		{C3BAF2AF-023D-48BB-893E-BD10324C1DC1}.Debug|Any CPU.ActiveCfg = Debug|Any CPU
		{C3BAF2AF-023D-48BB-893E-BD10324C1DC1}.Debug|Any CPU.Build.0 = Debug|Any CPU
		{C3BAF2AF-023D-48BB-893E-BD10324C1DC1}.Release|Any CPU.ActiveCfg = Release|Any CPU
		{C3BAF2AF-023D-48BB-893E-BD10324C1DC1}.Release|Any CPU.Build.0 = Release|Any CPU
	EndGlobalSection
	GlobalSection(SolutionProperties) = preSolution
		HideSolutionNode = FALSE
	EndGlobalSection
	GlobalSection(ExtensibilityGlobals) = postSolution
		SolutionGuid = {610B1FF0-C54E-40AE-A25E-7339A0F51ECB}
	EndGlobalSection
EndGlobal
